// !$*UTF8*$!
{
	archiveVersion = 1;
	classes = {
	};
	objectVersion = 56;
	objects = {

/* Begin PBXBuildFile section */
		BFADB9832BC907C700F2EA97 /* OpenAssignmentApp.swift in Sources */ = {isa = PBXBuildFile; fileRef = BFADB9822BC907C700F2EA97 /* OpenAssignmentApp.swift */; };
		BFADB9852BC907C700F2EA97 /* ContentView.swift in Sources */ = {isa = PBXBuildFile; fileRef = BFADB9842BC907C700F2EA97 /* ContentView.swift */; };
		BFADB9872BC907CA00F2EA97 /* Assets.xcassets in Resources */ = {isa = PBXBuildFile; fileRef = BFADB9862BC907CA00F2EA97 /* Assets.xcassets */; };
		BFADB98B2BC907CA00F2EA97 /* Preview Assets.xcassets in Resources */ = {isa = PBXBuildFile; fileRef = BFADB98A2BC907CA00F2EA97 /* Preview Assets.xcassets */; };
		BFADB9972BC93CF300F2EA97 /* homeView.swift in Sources */ = {isa = PBXBuildFile; fileRef = BFADB9962BC93CF200F2EA97 /* homeView.swift */; };
		BFADB9992BC93D0500F2EA97 /* HomeViewModel.swift in Sources */ = {isa = PBXBuildFile; fileRef = BFADB9982BC93D0500F2EA97 /* HomeViewModel.swift */; };
		BFADB99C2BC93E6900F2EA97 /* Model.swift in Sources */ = {isa = PBXBuildFile; fileRef = BFADB99B2BC93E6900F2EA97 /* Model.swift */; };
		BFADB99F2BC9431700F2EA97 /* Color.swift in Sources */ = {isa = PBXBuildFile; fileRef = BFADB99E2BC9431700F2EA97 /* Color.swift */; };
/* End PBXBuildFile section */

/* Begin PBXFileReference section */
		BFADB97F2BC907C700F2EA97 /* OpenAssignment.app */ = {isa = PBXFileReference; explicitFileType = wrapper.application; includeInIndex = 0; path = OpenAssignment.app; sourceTree = BUILT_PRODUCTS_DIR; };
		BFADB9822BC907C700F2EA97 /* OpenAssignmentApp.swift */ = {isa = PBXFileReference; lastKnownFileType = sourcecode.swift; path = OpenAssignmentApp.swift; sourceTree = "<group>"; };
		BFADB9842BC907C700F2EA97 /* ContentView.swift */ = {isa = PBXFileReference; lastKnownFileType = sourcecode.swift; path = ContentView.swift; sourceTree = "<group>"; };
		BFADB9862BC907CA00F2EA97 /* Assets.xcassets */ = {isa = PBXFileReference; lastKnownFileType = folder.assetcatalog; path = Assets.xcassets; sourceTree = "<group>"; };
		BFADB9882BC907CA00F2EA97 /* OpenAssignment.entitlements */ = {isa = PBXFileReference; lastKnownFileType = text.plist.entitlements; path = OpenAssignment.entitlements; sourceTree = "<group>"; };
		BFADB98A2BC907CA00F2EA97 /* Preview Assets.xcassets */ = {isa = PBXFileReference; lastKnownFileType = folder.assetcatalog; path = "Preview Assets.xcassets"; sourceTree = "<group>"; };
		BFADB9962BC93CF200F2EA97 /* homeView.swift */ = {isa = PBXFileReference; lastKnownFileType = sourcecode.swift; path = homeView.swift; sourceTree = "<group>"; };
		BFADB9982BC93D0500F2EA97 /* HomeViewModel.swift */ = {isa = PBXFileReference; lastKnownFileType = sourcecode.swift; path = HomeViewModel.swift; sourceTree = "<group>"; };
		BFADB99B2BC93E6900F2EA97 /* Model.swift */ = {isa = PBXFileReference; lastKnownFileType = sourcecode.swift; path = Model.swift; sourceTree = "<group>"; };
		BFADB99E2BC9431700F2EA97 /* Color.swift */ = {isa = PBXFileReference; lastKnownFileType = sourcecode.swift; path = Color.swift; sourceTree = "<group>"; };
/* End PBXFileReference section */

/* Begin PBXFrameworksBuildPhase section */
		BFADB97C2BC907C700F2EA97 /* Frameworks */ = {
			isa = PBXFrameworksBuildPhase;
			buildActionMask = 2147483647;
			files = (
			);
			runOnlyForDeploymentPostprocessing = 0;
		};
/* End PBXFrameworksBuildPhase section */

/* Begin PBXGroup section */
		BFADB9762BC907C700F2EA97 = {
			isa = PBXGroup;
			children = (
				BFADB9812BC907C700F2EA97 /* OpenAssignment */,
				BFADB9802BC907C700F2EA97 /* Products */,
			);
			sourceTree = "<group>";
		};
		BFADB9802BC907C700F2EA97 /* Products */ = {
			isa = PBXGroup;
			children = (
				BFADB97F2BC907C700F2EA97 /* OpenAssignment.app */,
			);
			name = Products;
			sourceTree = "<group>";
		};
		BFADB9812BC907C700F2EA97 /* OpenAssignment */ = {
			isa = PBXGroup;
			children = (
				BFADB99D2BC942FF00F2EA97 /* Extension */,
				BFADB99A2BC93E5A00F2EA97 /* Model */,
				BFADB9942BC93CCE00F2EA97 /* Views */,
				BFADB9822BC907C700F2EA97 /* OpenAssignmentApp.swift */,
				BFADB9842BC907C700F2EA97 /* ContentView.swift */,
				BFADB9862BC907CA00F2EA97 /* Assets.xcassets */,
				BFADB9882BC907CA00F2EA97 /* OpenAssignment.entitlements */,
				BFADB9892BC907CA00F2EA97 /* Preview Content */,
			);
			path = OpenAssignment;
			sourceTree = "<group>";
		};
		BFADB9892BC907CA00F2EA97 /* Preview Content */ = {
			isa = PBXGroup;
			children = (
				BFADB98A2BC907CA00F2EA97 /* Preview Assets.xcassets */,
			);
			path = "Preview Content";
			sourceTree = "<group>";
		};
		BFADB9942BC93CCE00F2EA97 /* Views */ = {
			isa = PBXGroup;
			children = (
				BFADB9952BC93CDF00F2EA97 /* HomeView */,
			);
			path = Views;
			sourceTree = "<group>";
		};
		BFADB9952BC93CDF00F2EA97 /* HomeView */ = {
			isa = PBXGroup;
			children = (
				BFADB9962BC93CF200F2EA97 /* homeView.swift */,
				BFADB9982BC93D0500F2EA97 /* HomeViewModel.swift */,
			);
			path = HomeView;
			sourceTree = "<group>";
		};
		BFADB99A2BC93E5A00F2EA97 /* Model */ = {
			isa = PBXGroup;
			children = (
				BFADB99B2BC93E6900F2EA97 /* Model.swift */,
			);
			path = Model;
			sourceTree = "<group>";
		};
		BFADB99D2BC942FF00F2EA97 /* Extension */ = {
			isa = PBXGroup;
			children = (
				BFADB99E2BC9431700F2EA97 /* Color.swift */,
			);
			path = Extension;
			sourceTree = "<group>";
		};
/* End PBXGroup section */

/* Begin PBXNativeTarget section */
		BFADB97E2BC907C700F2EA97 /* OpenAssignment */ = {
			isa = PBXNativeTarget;
			buildConfigurationList = BFADB98E2BC907CA00F2EA97 /* Build configuration list for PBXNativeTarget "OpenAssignment" */;
			buildPhases = (
				BFADB97B2BC907C700F2EA97 /* Sources */,
				BFADB97C2BC907C700F2EA97 /* Frameworks */,
				BFADB97D2BC907C700F2EA97 /* Resources */,
			);
			buildRules = (
			);
			dependencies = (
			);
			name = OpenAssignment;
			productName = OpenAssignment;
			productReference = BFADB97F2BC907C700F2EA97 /* OpenAssignment.app */;
			productType = "com.apple.product-type.application";
		};
/* End PBXNativeTarget section */

/* Begin PBXProject section */
		BFADB9772BC907C700F2EA97 /* Project object */ = {
			isa = PBXProject;
			attributes = {
				BuildIndependentTargetsInParallel = 1;
				LastSwiftUpdateCheck = 1530;
				LastUpgradeCheck = 1530;
				TargetAttributes = {
					BFADB97E2BC907C700F2EA97 = {
						CreatedOnToolsVersion = 15.3;
					};
				};
			};
			buildConfigurationList = BFADB97A2BC907C700F2EA97 /* Build configuration list for PBXProject "OpenAssignment" */;
			compatibilityVersion = "Xcode 14.0";
			developmentRegion = en;
			hasScannedForEncodings = 0;
			knownRegions = (
				en,
				Base,
			);
			mainGroup = BFADB9762BC907C700F2EA97;
			productRefGroup = BFADB9802BC907C700F2EA97 /* Products */;
			projectDirPath = "";
			projectRoot = "";
			targets = (
				BFADB97E2BC907C700F2EA97 /* OpenAssignment */,
			);
		};
/* End PBXProject section */

/* Begin PBXResourcesBuildPhase section */
		BFADB97D2BC907C700F2EA97 /* Resources */ = {
			isa = PBXResourcesBuildPhase;
			buildActionMask = 2147483647;
			files = (
				BFADB98B2BC907CA00F2EA97 /* Preview Assets.xcassets in Resources */,
				BFADB9872BC907CA00F2EA97 /* Assets.xcassets in Resources */,
			);
			runOnlyForDeploymentPostprocessing = 0;
		};
/* End PBXResourcesBuildPhase section */

/* Begin PBXSourcesBuildPhase section */
		BFADB97B2BC907C700F2EA97 /* Sources */ = {
			isa = PBXSourcesBuildPhase;
			buildActionMask = 2147483647;
			files = (
				BFADB9852BC907C700F2EA97 /* ContentView.swift in Sources */,
				BFADB9972BC93CF300F2EA97 /* homeView.swift in Sources */,
				BFADB99F2BC9431700F2EA97 /* Color.swift in Sources */,
				BFADB9832BC907C700F2EA97 /* OpenAssignmentApp.swift in Sources */,
				BFADB99C2BC93E6900F2EA97 /* Model.swift in Sources */,
				BFADB9992BC93D0500F2EA97 /* HomeViewModel.swift in Sources */,
			);
			runOnlyForDeploymentPostprocessing = 0;
		};
/* End PBXSourcesBuildPhase section */

/* Begin XCBuildConfiguration section */
		BFADB98C2BC907CA00F2EA97 /* Debug */ = {
			isa = XCBuildConfiguration;
			buildSettings = {
				ALWAYS_SEARCH_USER_PATHS = NO;
				ASSETCATALOG_COMPILER_GENERATE_SWIFT_ASSET_SYMBOL_EXTENSIONS = YES;
				CLANG_ANALYZER_NONNULL = YES;
				CLANG_ANALYZER_NUMBER_OBJECT_CONVERSION = YES_AGGRESSIVE;
				CLANG_CXX_LANGUAGE_STANDARD = "gnu++20";
				CLANG_ENABLE_MODULES = YES;
				CLANG_ENABLE_OBJC_ARC = YES;
				CLANG_ENABLE_OBJC_WEAK = YES;
				CLANG_WARN_BLOCK_CAPTURE_AUTORELEASING = YES;
				CLANG_WARN_BOOL_CONVERSION = YES;
				CLANG_WARN_COMMA = YES;
				CLANG_WARN_CONSTANT_CONVERSION = YES;
				CLANG_WARN_DEPRECATED_OBJC_IMPLEMENTATIONS = YES;
				CLANG_WARN_DIRECT_OBJC_ISA_USAGE = YES_ERROR;
				CLANG_WARN_DOCUMENTATION_COMMENTS = YES;
				CLANG_WARN_EMPTY_BODY = YES;
				CLANG_WARN_ENUM_CONVERSION = YES;
				CLANG_WARN_INFINITE_RECURSION = YES;
				CLANG_WARN_INT_CONVERSION = YES;
				CLANG_WARN_NON_LITERAL_NULL_CONVERSION = YES;
				CLANG_WARN_OBJC_IMPLICIT_RETAIN_SELF = YES;
				CLANG_WARN_OBJC_LITERAL_CONVERSION = YES;
				CLANG_WARN_OBJC_ROOT_CLASS = YES_ERROR;
				CLANG_WARN_QUOTED_INCLUDE_IN_FRAMEWORK_HEADER = YES;
				CLANG_WARN_RANGE_LOOP_ANALYSIS = YES;
				CLANG_WARN_STRICT_PROTOTYPES = YES;
				CLANG_WARN_SUSPICIOUS_MOVE = YES;
				CLANG_WARN_UNGUARDED_AVAILABILITY = YES_AGGRESSIVE;
				CLANG_WARN_UNREACHABLE_CODE = YES;
				CLANG_WARN__DUPLICATE_METHOD_MATCH = YES;
				COPY_PHASE_STRIP = NO;
				DEBUG_INFORMATION_FORMAT = dwarf;
				ENABLE_STRICT_OBJC_MSGSEND = YES;
				ENABLE_TESTABILITY = YES;
				ENABLE_USER_SCRIPT_SANDBOXING = YES;
				GCC_C_LANGUAGE_STANDARD = gnu17;
				GCC_DYNAMIC_NO_PIC = NO;
				GCC_NO_COMMON_BLOCKS = YES;
				GCC_OPTIMIZATION_LEVEL = 0;
				GCC_PREPROCESSOR_DEFINITIONS = (
					"DEBUG=1",
					"$(inherited)",
				);
				GCC_WARN_64_TO_32_BIT_CONVERSION = YES;
				GCC_WARN_ABOUT_RETURN_TYPE = YES_ERROR;
				GCC_WARN_UNDECLARED_SELECTOR = YES;
				GCC_WARN_UNINITIALIZED_AUTOS = YES_AGGRESSIVE;
				GCC_WARN_UNUSED_FUNCTION = YES;
				GCC_WARN_UNUSED_VARIABLE = YES;
				LOCALIZATION_PREFERS_STRING_CATALOGS = YES;
				MTL_ENABLE_DEBUG_INFO = INCLUDE_SOURCE;
				MTL_FAST_MATH = YES;
				ONLY_ACTIVE_ARCH = YES;
				SWIFT_ACTIVE_COMPILATION_CONDITIONS = "DEBUG $(inherited)";
				SWIFT_OPTIMIZATION_LEVEL = "-Onone";
			};
			name = Debug;
		};
		BFADB98D2BC907CA00F2EA97 /* Release */ = {
			isa = XCBuildConfiguration;
			buildSettings = {
				ALWAYS_SEARCH_USER_PATHS = NO;
				ASSETCATALOG_COMPILER_GENERATE_SWIFT_ASSET_SYMBOL_EXTENSIONS = YES;
				CLANG_ANALYZER_NONNULL = YES;
				CLANG_ANALYZER_NUMBER_OBJECT_CONVERSION = YES_AGGRESSIVE;
				CLANG_CXX_LANGUAGE_STANDARD = "gnu++20";
				CLANG_ENABLE_MODULES = YES;
				CLANG_ENABLE_OBJC_ARC = YES;
				CLANG_ENABLE_OBJC_WEAK = YES;
				CLANG_WARN_BLOCK_CAPTURE_AUTORELEASING = YES;
				CLANG_WARN_BOOL_CONVERSION = YES;
				CLANG_WARN_COMMA = YES;
				CLANG_WARN_CONSTANT_CONVERSION = YES;
				CLANG_WARN_DEPRECATED_OBJC_IMPLEMENTATIONS = YES;
				CLANG_WARN_DIRECT_OBJC_ISA_USAGE = YES_ERROR;
				CLANG_WARN_DOCUMENTATION_COMMENTS = YES;
				CLANG_WARN_EMPTY_BODY = YES;
				CLANG_WARN_ENUM_CONVERSION = YES;
				CLANG_WARN_INFINITE_RECURSION = YES;
				CLANG_WARN_INT_CONVERSION = YES;
				CLANG_WARN_NON_LITERAL_NULL_CONVERSION = YES;
				CLANG_WARN_OBJC_IMPLICIT_RETAIN_SELF = YES;
				CLANG_WARN_OBJC_LITERAL_CONVERSION = YES;
				CLANG_WARN_OBJC_ROOT_CLASS = YES_ERROR;
				CLANG_WARN_QUOTED_INCLUDE_IN_FRAMEWORK_HEADER = YES;
				CLANG_WARN_RANGE_LOOP_ANALYSIS = YES;
				CLANG_WARN_STRICT_PROTOTYPES = YES;
				CLANG_WARN_SUSPICIOUS_MOVE = YES;
				CLANG_WARN_UNGUARDED_AVAILABILITY = YES_AGGRESSIVE;
				CLANG_WARN_UNREACHABLE_CODE = YES;
				CLANG_WARN__DUPLICATE_METHOD_MATCH = YES;
				COPY_PHASE_STRIP = NO;
				DEBUG_INFORMATION_FORMAT = "dwarf-with-dsym";
				ENABLE_NS_ASSERTIONS = NO;
				ENABLE_STRICT_OBJC_MSGSEND = YES;
				ENABLE_USER_SCRIPT_SANDBOXING = YES;
				GCC_C_LANGUAGE_STANDARD = gnu17;
				GCC_NO_COMMON_BLOCKS = YES;
				GCC_WARN_64_TO_32_BIT_CONVERSION = YES;
				GCC_WARN_ABOUT_RETURN_TYPE = YES_ERROR;
				GCC_WARN_UNDECLARED_SELECTOR = YES;
				GCC_WARN_UNINITIALIZED_AUTOS = YES_AGGRESSIVE;
				GCC_WARN_UNUSED_FUNCTION = YES;
				GCC_WARN_UNUSED_VARIABLE = YES;
				LOCALIZATION_PREFERS_STRING_CATALOGS = YES;
				MTL_ENABLE_DEBUG_INFO = NO;
				MTL_FAST_MATH = YES;
				SWIFT_COMPILATION_MODE = wholemodule;
			};
			name = Release;
		};
		BFADB98F2BC907CA00F2EA97 /* Debug */ = {
			isa = XCBuildConfiguration;
			buildSettings = {
				ASSETCATALOG_COMPILER_APPICON_NAME = AppIcon;
				ASSETCATALOG_COMPILER_GLOBAL_ACCENT_COLOR_NAME = AccentColor;
				CODE_SIGN_ENTITLEMENTS = OpenAssignment/OpenAssignment.entitlements;
				CODE_SIGN_STYLE = Automatic;
				CURRENT_PROJECT_VERSION = 1;
				DEVELOPMENT_ASSET_PATHS = "\"OpenAssignment/Preview Content\"";
				DEVELOPMENT_TEAM = 8ACASK54TM;
				ENABLE_PREVIEWS = YES;
				GENERATE_INFOPLIST_FILE = YES;
				"INFOPLIST_KEY_UIApplicationSceneManifest_Generation[sdk=iphoneos*]" = YES;
				"INFOPLIST_KEY_UIApplicationSceneManifest_Generation[sdk=iphonesimulator*]" = YES;
				"INFOPLIST_KEY_UIApplicationSupportsIndirectInputEvents[sdk=iphoneos*]" = YES;
				"INFOPLIST_KEY_UIApplicationSupportsIndirectInputEvents[sdk=iphonesimulator*]" = YES;
				"INFOPLIST_KEY_UILaunchScreen_Generation[sdk=iphoneos*]" = YES;
				"INFOPLIST_KEY_UILaunchScreen_Generation[sdk=iphonesimulator*]" = YES;
				"INFOPLIST_KEY_UIStatusBarStyle[sdk=iphoneos*]" = UIStatusBarStyleDefault;
				"INFOPLIST_KEY_UIStatusBarStyle[sdk=iphonesimulator*]" = UIStatusBarStyleDefault;
				INFOPLIST_KEY_UISupportedInterfaceOrientations_iPad = "UIInterfaceOrientationPortrait UIInterfaceOrientationPortraitUpsideDown UIInterfaceOrientationLandscapeLeft UIInterfaceOrientationLandscapeRight";
				INFOPLIST_KEY_UISupportedInterfaceOrientations_iPhone = "UIInterfaceOrientationPortrait UIInterfaceOrientationLandscapeLeft UIInterfaceOrientationLandscapeRight";
				INFOPLIST_KEY_UIUserInterfaceStyle = Light;
				IPHONEOS_DEPLOYMENT_TARGET = 17.4;
				LD_RUNPATH_SEARCH_PATHS = "@executable_path/Frameworks";
				"LD_RUNPATH_SEARCH_PATHS[sdk=macosx*]" = "@executable_path/../Frameworks";
				MACOSX_DEPLOYMENT_TARGET = 14.1;
				MARKETING_VERSION = 1.0;
				PRODUCT_BUNDLE_IDENTIFIER = open.OpenAssignment;
				PRODUCT_NAME = "$(TARGET_NAME)";
				SDKROOT = auto;
				SUPPORTED_PLATFORMS = "iphoneos iphonesimulator macosx";
				SWIFT_EMIT_LOC_STRINGS = YES;
				SWIFT_VERSION = 5.0;
				TARGETED_DEVICE_FAMILY = "1,2";
			};
			name = Debug;
		};
		BFADB9902BC907CA00F2EA97 /* Release */ = {
			isa = XCBuildConfiguration;
			buildSettings = {
				ASSETCATALOG_COMPILER_APPICON_NAME = AppIcon;
				ASSETCATALOG_COMPILER_GLOBAL_ACCENT_COLOR_NAME = AccentColor;
				CODE_SIGN_ENTITLEMENTS = OpenAssignment/OpenAssignment.entitlements;
				CODE_SIGN_STYLE = Automatic;
				CURRENT_PROJECT_VERSION = 1;
				DEVELOPMENT_ASSET_PATHS = "\"OpenAssignment/Preview Content\"";
				DEVELOPMENT_TEAM = 8ACASK54TM;
				ENABLE_PREVIEWS = YES;
				GENERATE_INFOPLIST_FILE = YES;
				"INFOPLIST_KEY_UIApplicationSceneManifest_Generation[sdk=iphoneos*]" = YES;
				"INFOPLIST_KEY_UIApplicationSceneManifest_Generation[sdk=iphonesimulator*]" = YES;
				"INFOPLIST_KEY_UIApplicationSupportsIndirectInputEvents[sdk=iphoneos*]" = YES;
				"INFOPLIST_KEY_UIApplicationSupportsIndirectInputEvents[sdk=iphonesimulator*]" = YES;
				"INFOPLIST_KEY_UILaunchScreen_Generation[sdk=iphoneos*]" = YES;
				"INFOPLIST_KEY_UILaunchScreen_Generation[sdk=iphonesimulator*]" = YES;
				"INFOPLIST_KEY_UIStatusBarStyle[sdk=iphoneos*]" = UIStatusBarStyleDefault;
				"INFOPLIST_KEY_UIStatusBarStyle[sdk=iphonesimulator*]" = UIStatusBarStyleDefault;
				INFOPLIST_KEY_UISupportedInterfaceOrientations_iPad = "UIInterfaceOrientationPortrait UIInterfaceOrientationPortraitUpsideDown UIInterfaceOrientationLandscapeLeft UIInterfaceOrientationLandscapeRight";
				INFOPLIST_KEY_UISupportedInterfaceOrientations_iPhone = "UIInterfaceOrientationPortrait UIInterfaceOrientationLandscapeLeft UIInterfaceOrientationLandscapeRight";
				INFOPLIST_KEY_UIUserInterfaceStyle = Light;
				IPHONEOS_DEPLOYMENT_TARGET = 17.4;
				LD_RUNPATH_SEARCH_PATHS = "@executable_path/Frameworks";
				"LD_RUNPATH_SEARCH_PATHS[sdk=macosx*]" = "@executable_path/../Frameworks";
				MACOSX_DEPLOYMENT_TARGET = 14.1;
				MARKETING_VERSION = 1.0;
				PRODUCT_BUNDLE_IDENTIFIER = open.OpenAssignment;
				PRODUCT_NAME = "$(TARGET_NAME)";
				SDKROOT = auto;
				SUPPORTED_PLATFORMS = "iphoneos iphonesimulator macosx";
				SWIFT_EMIT_LOC_STRINGS = YES;
				SWIFT_VERSION = 5.0;
				TARGETED_DEVICE_FAMILY = "1,2";
			};
			name = Release;
		};
/* End XCBuildConfiguration section */

/* Begin XCConfigurationList section */
		BFADB97A2BC907C700F2EA97 /* Build configuration list for PBXProject "OpenAssignment" */ = {
			isa = XCConfigurationList;
			buildConfigurations = (
				BFADB98C2BC907CA00F2EA97 /* Debug */,
				BFADB98D2BC907CA00F2EA97 /* Release */,
			);
			defaultConfigurationIsVisible = 0;
			defaultConfigurationName = Release;
		};
		BFADB98E2BC907CA00F2EA97 /* Build configuration list for PBXNativeTarget "OpenAssignment" */ = {
			isa = XCConfigurationList;
			buildConfigurations = (
				BFADB98F2BC907CA00F2EA97 /* Debug */,
				BFADB9902BC907CA00F2EA97 /* Release */,
			);
			defaultConfigurationIsVisible = 0;
			defaultConfigurationName = Release;
		};
/* End XCConfigurationList section */
	};
	rootObject = BFADB9772BC907C700F2EA97 /* Project object */;
}
